
Microsoft Visual Studio Solution File, Format Version 12.00
# Visual Studio Version 17
VisualStudioVersion = 17.8.34511.84
MinimumVisualStudioVersion = 10.0.40219.1
Project("{FAE04EC0-301F-11D3-BF4B-00C04F79EFBC}") = "CChavezP2", "CChavezP2\CChavezP2.csproj", "{A9148E90-840F-4B03-9652-A68E4000D0A4}"
EndProject
Global
	GlobalSection(SolutionConfigurationPlatforms) = preSolution
		Debug|Any CPU = Debug|Any CPU
		Release|Any CPU = Release|Any CPU
	EndGlobalSection
	GlobalSection(ProjectConfigurationPlatforms) = postSolution
		{A9148E90-840F-4B03-9652-A68E4000D0A4}.Debug|Any CPU.ActiveCfg = Debug|Any CPU
		{A9148E90-840F-4B03-9652-A68E4000D0A4}.Debug|Any CPU.Build.0 = Debug|Any CPU
		{A9148E90-840F-4B03-9652-A68E4000D0A4}.Release|Any CPU.ActiveCfg = Release|Any CPU
		{A9148E90-840F-4B03-9652-A68E4000D0A4}.Release|Any CPU.Build.0 = Release|Any CPU
	EndGlobalSection
	GlobalSection(SolutionProperties) = preSolution
		HideSolutionNode = FALSE
	EndGlobalSection
	GlobalSection(ExtensibilityGlobals) = postSolution
		SolutionGuid = {FBC09D77-DFE4-48CF-8383-4BF4A9DFE4B9}
	EndGlobalSection
EndGlobal
